
Microsoft Visual Studio Solution File, Format Version 12.00
# Visual Studio Version 17
VisualStudioVersion = 17.5.002.0
MinimumVisualStudioVersion = 10.0.40219.1
Project("{2150E333-8FDC-42A3-9474-1A3956D46DE8}") = "ThuQuanServer", "ThuQuanServer", "{71892C12-7F96-47E7-B245-DFCB3221887C}"
EndProject
Project("{9A19103F-16F7-4668-BE54-9A1E7A4F7556}") = "ThuQuanServer", "ThuQuanServer\ThuQuanServer\ThuQuanServer.csproj", "{B369D1FD-D491-47D8-8832-760F75174B96}"
EndProject
Global
	GlobalSection(SolutionConfigurationPlatforms) = preSolution
		Debug|Any CPU = Debug|Any CPU
		Release|Any CPU = Release|Any CPU
	EndGlobalSection
	GlobalSection(ProjectConfigurationPlatforms) = postSolution
		{B369D1FD-D491-47D8-8832-760F75174B96}.Debug|Any CPU.ActiveCfg = Debug|Any CPU
		{B369D1FD-D491-47D8-8832-760F75174B96}.Debug|Any CPU.Build.0 = Debug|Any CPU
		{B369D1FD-D491-47D8-8832-760F75174B96}.Release|Any CPU.ActiveCfg = Release|Any CPU
		{B369D1FD-D491-47D8-8832-760F75174B96}.Release|Any CPU.Build.0 = Release|Any CPU
	EndGlobalSection
	GlobalSection(SolutionProperties) = preSolution
		HideSolutionNode = FALSE
	EndGlobalSection
	GlobalSection(NestedProjects) = preSolution
		{B369D1FD-D491-47D8-8832-760F75174B96} = {71892C12-7F96-47E7-B245-DFCB3221887C}
	EndGlobalSection
	GlobalSection(ExtensibilityGlobals) = postSolution
		SolutionGuid = {E77F88FC-3DB8-47EF-AB02-7CD982428483}
	EndGlobalSection
EndGlobal
